
Microsoft Visual Studio Solution File, Format Version 12.00
Project("{FAE04EC0-301F-11D3-BF4B-00C04F79EFBC}") = "grep", "grep\grep.csproj", "{1C88C740-CD24-4CD9-B749-0BD94BA30B0D}"
EndProject
Project("{FAE04EC0-301F-11D3-BF4B-00C04F79EFBC}") = "winbash", "winbash\winbash.csproj", "{1673BECE-0F11-42DC-9F4D-91DDCC119B56}"
EndProject
Project("{FAE04EC0-301F-11D3-BF4B-00C04F79EFBC}") = "cat", "cat\cat.csproj", "{9AB0D9A1-C19A-4A0F-87EA-1F322A922EF0}"
EndProject
Project("{FAE04EC0-301F-11D3-BF4B-00C04F79EFBC}") = "winbash-util", "winbash-util\winbash-util.csproj", "{EA89A8A6-7490-4938-99D3-4D885256D317}"
EndProject
Project("{FAE04EC0-301F-11D3-BF4B-00C04F79EFBC}") = "ls", "ls\ls.csproj", "{8972FD47-0F74-4E6C-979C-A223A9B02130}"
EndProject
Project("{FAE04EC0-301F-11D3-BF4B-00C04F79EFBC}") = "du", "du\du.csproj", "{2808FC4A-5AEA-443D-AABD-52EED0235878}"
EndProject
Global
	GlobalSection(SolutionConfigurationPlatforms) = preSolution
		Debug|Any CPU = Debug|Any CPU
		Release|Any CPU = Release|Any CPU
	EndGlobalSection
	GlobalSection(ProjectConfigurationPlatforms) = postSolution
		{1C88C740-CD24-4CD9-B749-0BD94BA30B0D}.Debug|Any CPU.ActiveCfg = Debug|Any CPU
		{1C88C740-CD24-4CD9-B749-0BD94BA30B0D}.Debug|Any CPU.Build.0 = Debug|Any CPU
		{1C88C740-CD24-4CD9-B749-0BD94BA30B0D}.Release|Any CPU.ActiveCfg = Release|Any CPU
		{1C88C740-CD24-4CD9-B749-0BD94BA30B0D}.Release|Any CPU.Build.0 = Release|Any CPU
		{1673BECE-0F11-42DC-9F4D-91DDCC119B56}.Debug|Any CPU.ActiveCfg = Debug|Any CPU
		{1673BECE-0F11-42DC-9F4D-91DDCC119B56}.Debug|Any CPU.Build.0 = Debug|Any CPU
		{1673BECE-0F11-42DC-9F4D-91DDCC119B56}.Release|Any CPU.ActiveCfg = Release|Any CPU
		{1673BECE-0F11-42DC-9F4D-91DDCC119B56}.Release|Any CPU.Build.0 = Release|Any CPU
		{9AB0D9A1-C19A-4A0F-87EA-1F322A922EF0}.Debug|Any CPU.ActiveCfg = Debug|Any CPU
		{9AB0D9A1-C19A-4A0F-87EA-1F322A922EF0}.Debug|Any CPU.Build.0 = Debug|Any CPU
		{9AB0D9A1-C19A-4A0F-87EA-1F322A922EF0}.Release|Any CPU.ActiveCfg = Release|Any CPU
		{9AB0D9A1-C19A-4A0F-87EA-1F322A922EF0}.Release|Any CPU.Build.0 = Release|Any CPU
		{EA89A8A6-7490-4938-99D3-4D885256D317}.Debug|Any CPU.ActiveCfg = Debug|Any CPU
		{EA89A8A6-7490-4938-99D3-4D885256D317}.Debug|Any CPU.Build.0 = Debug|Any CPU
		{EA89A8A6-7490-4938-99D3-4D885256D317}.Release|Any CPU.ActiveCfg = Release|Any CPU
		{EA89A8A6-7490-4938-99D3-4D885256D317}.Release|Any CPU.Build.0 = Release|Any CPU
		{8972FD47-0F74-4E6C-979C-A223A9B02130}.Debug|Any CPU.ActiveCfg = Debug|Any CPU
		{8972FD47-0F74-4E6C-979C-A223A9B02130}.Debug|Any CPU.Build.0 = Debug|Any CPU
		{8972FD47-0F74-4E6C-979C-A223A9B02130}.Release|Any CPU.ActiveCfg = Release|Any CPU
		{8972FD47-0F74-4E6C-979C-A223A9B02130}.Release|Any CPU.Build.0 = Release|Any CPU
		{2808FC4A-5AEA-443D-AABD-52EED0235878}.Debug|Any CPU.ActiveCfg = Debug|Any CPU
		{2808FC4A-5AEA-443D-AABD-52EED0235878}.Debug|Any CPU.Build.0 = Debug|Any CPU
		{2808FC4A-5AEA-443D-AABD-52EED0235878}.Release|Any CPU.ActiveCfg = Release|Any CPU
		{2808FC4A-5AEA-443D-AABD-52EED0235878}.Release|Any CPU.Build.0 = Release|Any CPU
	EndGlobalSection
EndGlobal
